// !$*UTF8*$!
{
	archiveVersion = 1;
	classes = {
	};
	objectVersion = 55;
	objects = {

/* Begin PBXBuildFile section */
		8847BCB9285CBA99006D88BC /* CountDown-App.xcdatamodeld in Sources */ = {isa = PBXBuildFile; fileRef = 8847BCB7285CBA99006D88BC /* CountDown-App.xcdatamodeld */; };
		8847BCF8285EA8C5006D88BC /* CoreDataManager.swift in Sources */ = {isa = PBXBuildFile; fileRef = 8847BCF7285EA8C5006D88BC /* CoreDataManager.swift */; };
		8847BCFC285FAF18006D88BC /* ArchivesViewController.swift in Sources */ = {isa = PBXBuildFile; fileRef = 8847BCFB285FAF18006D88BC /* ArchivesViewController.swift */; };
		8847BCFF285FEAA9006D88BC /* Event+CoreDataClass.swift in Sources */ = {isa = PBXBuildFile; fileRef = 8847BCFD285FEAA9006D88BC /* Event+CoreDataClass.swift */; };
		88FDE911285A1B89001F5307 /* AppDelegate.swift in Sources */ = {isa = PBXBuildFile; fileRef = 88FDE910285A1B89001F5307 /* AppDelegate.swift */; };
		88FDE913285A1B89001F5307 /* SceneDelegate.swift in Sources */ = {isa = PBXBuildFile; fileRef = 88FDE912285A1B89001F5307 /* SceneDelegate.swift */; };
		88FDE915285A1B89001F5307 /* EventViewController.swift in Sources */ = {isa = PBXBuildFile; fileRef = 88FDE914285A1B89001F5307 /* EventViewController.swift */; };
		88FDE918285A1B89001F5307 /* Main.storyboard in Resources */ = {isa = PBXBuildFile; fileRef = 88FDE916285A1B89001F5307 /* Main.storyboard */; };
		88FDE91A285A1B8B001F5307 /* Assets.xcassets in Resources */ = {isa = PBXBuildFile; fileRef = 88FDE919285A1B8B001F5307 /* Assets.xcassets */; };
		88FDE91D285A1B8B001F5307 /* LaunchScreen.storyboard in Resources */ = {isa = PBXBuildFile; fileRef = 88FDE91B285A1B8B001F5307 /* LaunchScreen.storyboard */; };
		88FDE927285A2147001F5307 /* EventViewControllerDelegate+DataSource.swift in Sources */ = {isa = PBXBuildFile; fileRef = 88FDE926285A2147001F5307 /* EventViewControllerDelegate+DataSource.swift */; };
		88FDE92B285A23AB001F5307 /* EventTableViewCell.swift in Sources */ = {isa = PBXBuildFile; fileRef = 88FDE929285A23AB001F5307 /* EventTableViewCell.swift */; };
		88FDE92C285A23AB001F5307 /* EventTableViewCell.xib in Resources */ = {isa = PBXBuildFile; fileRef = 88FDE92A285A23AB001F5307 /* EventTableViewCell.xib */; };
		88FDE92E285A2B2D001F5307 /* CountdownViewController.swift in Sources */ = {isa = PBXBuildFile; fileRef = 88FDE92D285A2B2D001F5307 /* CountdownViewController.swift */; };
		88FDE931285A3799001F5307 /* CardView.swift in Sources */ = {isa = PBXBuildFile; fileRef = 88FDE930285A3799001F5307 /* CardView.swift */; };
		88FDE934285A37CF001F5307 /* UIViewExtensions.swift in Sources */ = {isa = PBXBuildFile; fileRef = 88FDE933285A37CF001F5307 /* UIViewExtensions.swift */; };
		88FDE937285A56BE001F5307 /* Date.swift in Sources */ = {isa = PBXBuildFile; fileRef = 88FDE936285A56BE001F5307 /* Date.swift */; };
		88FDE939285A5A34001F5307 /* Double Formatter.swift in Sources */ = {isa = PBXBuildFile; fileRef = 88FDE938285A5A34001F5307 /* Double Formatter.swift */; };
		88FDE93B285A643C001F5307 /* Int Extension.swift in Sources */ = {isa = PBXBuildFile; fileRef = 88FDE93A285A643C001F5307 /* Int Extension.swift */; };
		88FDE93E285A71B9001F5307 /* AddCountdownViewController.swift in Sources */ = {isa = PBXBuildFile; fileRef = 88FDE93D285A71B9001F5307 /* AddCountdownViewController.swift */; };
		88FDE943285AA235001F5307 /* AddImagesAndTextTableViewController.swift in Sources */ = {isa = PBXBuildFile; fileRef = 88FDE942285AA235001F5307 /* AddImagesAndTextTableViewController.swift */; };
		88FDE945285AA873001F5307 /* PhotoCollectionViewCell.swift in Sources */ = {isa = PBXBuildFile; fileRef = 88FDE944285AA873001F5307 /* PhotoCollectionViewCell.swift */; };
		88FDE947285AB352001F5307 /* KeyboardDismissExtension.swift in Sources */ = {isa = PBXBuildFile; fileRef = 88FDE946285AB352001F5307 /* KeyboardDismissExtension.swift */; };
/* End PBXBuildFile section */

/* Begin PBXFileReference section */
		8847BCB8285CBA99006D88BC /* Model.xcdatamodel */ = {isa = PBXFileReference; lastKnownFileType = wrapper.xcdatamodel; path = Model.xcdatamodel; sourceTree = "<group>"; };
		8847BCF7285EA8C5006D88BC /* CoreDataManager.swift */ = {isa = PBXFileReference; lastKnownFileType = sourcecode.swift; path = CoreDataManager.swift; sourceTree = "<group>"; };
		8847BCFB285FAF18006D88BC /* ArchivesViewController.swift */ = {isa = PBXFileReference; lastKnownFileType = sourcecode.swift; path = ArchivesViewController.swift; sourceTree = "<group>"; };
		8847BCFD285FEAA9006D88BC /* Event+CoreDataClass.swift */ = {isa = PBXFileReference; lastKnownFileType = sourcecode.swift; path = "Event+CoreDataClass.swift"; sourceTree = "<group>"; };
		88FDE90D285A1B89001F5307 /* CountDown-App.app */ = {isa = PBXFileReference; explicitFileType = wrapper.application; includeInIndex = 0; path = "CountDown-App.app"; sourceTree = BUILT_PRODUCTS_DIR; };
		88FDE910285A1B89001F5307 /* AppDelegate.swift */ = {isa = PBXFileReference; lastKnownFileType = sourcecode.swift; path = AppDelegate.swift; sourceTree = "<group>"; };
		88FDE912285A1B89001F5307 /* SceneDelegate.swift */ = {isa = PBXFileReference; lastKnownFileType = sourcecode.swift; path = SceneDelegate.swift; sourceTree = "<group>"; };
		88FDE914285A1B89001F5307 /* EventViewController.swift */ = {isa = PBXFileReference; lastKnownFileType = sourcecode.swift; path = EventViewController.swift; sourceTree = "<group>"; };
		88FDE917285A1B89001F5307 /* Base */ = {isa = PBXFileReference; lastKnownFileType = file.storyboard; name = Base; path = Base.lproj/Main.storyboard; sourceTree = "<group>"; };
		88FDE919285A1B8B001F5307 /* Assets.xcassets */ = {isa = PBXFileReference; lastKnownFileType = folder.assetcatalog; path = Assets.xcassets; sourceTree = "<group>"; };
		88FDE91C285A1B8B001F5307 /* Base */ = {isa = PBXFileReference; lastKnownFileType = file.storyboard; name = Base; path = Base.lproj/LaunchScreen.storyboard; sourceTree = "<group>"; };
		88FDE91E285A1B8B001F5307 /* Info.plist */ = {isa = PBXFileReference; lastKnownFileType = text.plist.xml; path = Info.plist; sourceTree = "<group>"; };
		88FDE926285A2147001F5307 /* EventViewControllerDelegate+DataSource.swift */ = {isa = PBXFileReference; lastKnownFileType = sourcecode.swift; path = "EventViewControllerDelegate+DataSource.swift"; sourceTree = "<group>"; };
		88FDE929285A23AB001F5307 /* EventTableViewCell.swift */ = {isa = PBXFileReference; lastKnownFileType = sourcecode.swift; path = EventTableViewCell.swift; sourceTree = "<group>"; };
		88FDE92A285A23AB001F5307 /* EventTableViewCell.xib */ = {isa = PBXFileReference; lastKnownFileType = file.xib; path = EventTableViewCell.xib; sourceTree = "<group>"; };
		88FDE92D285A2B2D001F5307 /* CountdownViewController.swift */ = {isa = PBXFileReference; lastKnownFileType = sourcecode.swift; path = CountdownViewController.swift; sourceTree = "<group>"; };
		88FDE930285A3799001F5307 /* CardView.swift */ = {isa = PBXFileReference; lastKnownFileType = sourcecode.swift; path = CardView.swift; sourceTree = "<group>"; };
		88FDE933285A37CF001F5307 /* UIViewExtensions.swift */ = {isa = PBXFileReference; lastKnownFileType = sourcecode.swift; path = UIViewExtensions.swift; sourceTree = "<group>"; };
		88FDE936285A56BE001F5307 /* Date.swift */ = {isa = PBXFileReference; lastKnownFileType = sourcecode.swift; path = Date.swift; sourceTree = "<group>"; };
		88FDE938285A5A34001F5307 /* Double Formatter.swift */ = {isa = PBXFileReference; lastKnownFileType = sourcecode.swift; path = "Double Formatter.swift"; sourceTree = "<group>"; };
		88FDE93A285A643C001F5307 /* Int Extension.swift */ = {isa = PBXFileReference; lastKnownFileType = sourcecode.swift; path = "Int Extension.swift"; sourceTree = "<group>"; };
		88FDE93D285A71B9001F5307 /* AddCountdownViewController.swift */ = {isa = PBXFileReference; lastKnownFileType = sourcecode.swift; path = AddCountdownViewController.swift; sourceTree = "<group>"; };
		88FDE942285AA235001F5307 /* AddImagesAndTextTableViewController.swift */ = {isa = PBXFileReference; lastKnownFileType = sourcecode.swift; path = AddImagesAndTextTableViewController.swift; sourceTree = "<group>"; };
		88FDE944285AA873001F5307 /* PhotoCollectionViewCell.swift */ = {isa = PBXFileReference; lastKnownFileType = sourcecode.swift; path = PhotoCollectionViewCell.swift; sourceTree = "<group>"; };
		88FDE946285AB352001F5307 /* KeyboardDismissExtension.swift */ = {isa = PBXFileReference; lastKnownFileType = sourcecode.swift; path = KeyboardDismissExtension.swift; sourceTree = "<group>"; };
/* End PBXFileReference section */

/* Begin PBXFrameworksBuildPhase section */
		88FDE90A285A1B89001F5307 /* Frameworks */ = {
			isa = PBXFrameworksBuildPhase;
			buildActionMask = 2147483647;
			files = (
			);
			runOnlyForDeploymentPostprocessing = 0;
		};
/* End PBXFrameworksBuildPhase section */

/* Begin PBXGroup section */
		8847BCF9285EA916006D88BC /* ActualCountdown */ = {
			isa = PBXGroup;
			children = (
				88FDE92D285A2B2D001F5307 /* CountdownViewController.swift */,
			);
			path = ActualCountdown;
			sourceTree = "<group>";
		};
		8847BCFA285FAEFB006D88BC /* Archives */ = {
			isa = PBXGroup;
			children = (
				8847BCFB285FAF18006D88BC /* ArchivesViewController.swift */,
			);
			path = Archives;
			sourceTree = "<group>";
		};
		88FDE904285A1B89001F5307 = {
			isa = PBXGroup;
			children = (
				8847BCFD285FEAA9006D88BC /* Event+CoreDataClass.swift */,
				88FDE90F285A1B89001F5307 /* CountDown-App */,
				88FDE90E285A1B89001F5307 /* Products */,
			);
			sourceTree = "<group>";
		};
		88FDE90E285A1B89001F5307 /* Products */ = {
			isa = PBXGroup;
			children = (
				88FDE90D285A1B89001F5307 /* CountDown-App.app */,
			);
			name = Products;
			sourceTree = "<group>";
		};
		88FDE90F285A1B89001F5307 /* CountDown-App */ = {
			isa = PBXGroup;
			children = (
				8847BCF7285EA8C5006D88BC /* CoreDataManager.swift */,
				8847BCB7285CBA99006D88BC /* CountDown-App.xcdatamodeld */,
				88FDE935285A37ED001F5307 /* App+Scene Delegate */,
				88FDE932285A37C4001F5307 /* Extensions */,
				88FDE928285A237F001F5307 /* EventListVC */,
				8847BCF9285EA916006D88BC /* ActualCountdown */,
				88FDE93C285A71A1001F5307 /* AddCountdown */,
				8847BCFA285FAEFB006D88BC /* Archives */,
				88FDE91B285A1B8B001F5307 /* LaunchScreen.storyboard */,
				88FDE916285A1B89001F5307 /* Main.storyboard */,
				88FDE919285A1B8B001F5307 /* Assets.xcassets */,
				88FDE91E285A1B8B001F5307 /* Info.plist */,
			);
			path = "CountDown-App";
			sourceTree = "<group>";
		};
		88FDE928285A237F001F5307 /* EventListVC */ = {
			isa = PBXGroup;
			children = (
				88FDE914285A1B89001F5307 /* EventViewController.swift */,
				88FDE926285A2147001F5307 /* EventViewControllerDelegate+DataSource.swift */,
				88FDE92A285A23AB001F5307 /* EventTableViewCell.xib */,
				88FDE929285A23AB001F5307 /* EventTableViewCell.swift */,
			);
			path = EventListVC;
			sourceTree = "<group>";
		};
		88FDE932285A37C4001F5307 /* Extensions */ = {
			isa = PBXGroup;
			children = (
				88FDE933285A37CF001F5307 /* UIViewExtensions.swift */,
				88FDE936285A56BE001F5307 /* Date.swift */,
				88FDE938285A5A34001F5307 /* Double Formatter.swift */,
				88FDE93A285A643C001F5307 /* Int Extension.swift */,
				88FDE946285AB352001F5307 /* KeyboardDismissExtension.swift */,
				88FDE930285A3799001F5307 /* CardView.swift */,
			);
			path = Extensions;
			sourceTree = "<group>";
		};
		88FDE935285A37ED001F5307 /* App+Scene Delegate */ = {
			isa = PBXGroup;
			children = (
				88FDE910285A1B89001F5307 /* AppDelegate.swift */,
				88FDE912285A1B89001F5307 /* SceneDelegate.swift */,
			);
			path = "App+Scene Delegate";
			sourceTree = "<group>";
		};
		88FDE93C285A71A1001F5307 /* AddCountdown */ = {
			isa = PBXGroup;
			children = (
				88FDE93D285A71B9001F5307 /* AddCountdownViewController.swift */,
				88FDE942285AA235001F5307 /* AddImagesAndTextTableViewController.swift */,
				88FDE944285AA873001F5307 /* PhotoCollectionViewCell.swift */,
			);
			path = AddCountdown;
			sourceTree = "<group>";
		};
/* End PBXGroup section */

/* Begin PBXNativeTarget section */
		88FDE90C285A1B89001F5307 /* CountDown-App */ = {
			isa = PBXNativeTarget;
			buildConfigurationList = 88FDE921285A1B8B001F5307 /* Build configuration list for PBXNativeTarget "CountDown-App" */;
			buildPhases = (
				88FDE909285A1B89001F5307 /* Sources */,
				88FDE90A285A1B89001F5307 /* Frameworks */,
				88FDE90B285A1B89001F5307 /* Resources */,
			);
			buildRules = (
			);
			dependencies = (
			);
			name = "CountDown-App";
			productName = "CountDown-App";
			productReference = 88FDE90D285A1B89001F5307 /* CountDown-App.app */;
			productType = "com.apple.product-type.application";
		};
/* End PBXNativeTarget section */

/* Begin PBXProject section */
		88FDE905285A1B89001F5307 /* Project object */ = {
			isa = PBXProject;
			attributes = {
				BuildIndependentTargetsInParallel = 1;
				LastSwiftUpdateCheck = 1340;
				LastUpgradeCheck = 1340;
				TargetAttributes = {
					88FDE90C285A1B89001F5307 = {
						CreatedOnToolsVersion = 13.4;
					};
				};
			};
			buildConfigurationList = 88FDE908285A1B89001F5307 /* Build configuration list for PBXProject "CountDown-App" */;
			compatibilityVersion = "Xcode 13.0";
			developmentRegion = en;
			hasScannedForEncodings = 0;
			knownRegions = (
				en,
				Base,
			);
			mainGroup = 88FDE904285A1B89001F5307;
			productRefGroup = 88FDE90E285A1B89001F5307 /* Products */;
			projectDirPath = "";
			projectRoot = "";
			targets = (
				88FDE90C285A1B89001F5307 /* CountDown-App */,
			);
		};
/* End PBXProject section */

/* Begin PBXResourcesBuildPhase section */
		88FDE90B285A1B89001F5307 /* Resources */ = {
			isa = PBXResourcesBuildPhase;
			buildActionMask = 2147483647;
			files = (
				88FDE92C285A23AB001F5307 /* EventTableViewCell.xib in Resources */,
				88FDE91D285A1B8B001F5307 /* LaunchScreen.storyboard in Resources */,
				88FDE91A285A1B8B001F5307 /* Assets.xcassets in Resources */,
				88FDE918285A1B89001F5307 /* Main.storyboard in Resources */,
			);
			runOnlyForDeploymentPostprocessing = 0;
		};
/* End PBXResourcesBuildPhase section */

/* Begin PBXSourcesBuildPhase section */
		88FDE909285A1B89001F5307 /* Sources */ = {
			isa = PBXSourcesBuildPhase;
			buildActionMask = 2147483647;
			files = (
				88FDE92E285A2B2D001F5307 /* CountdownViewController.swift in Sources */,
				88FDE937285A56BE001F5307 /* Date.swift in Sources */,
				88FDE93B285A643C001F5307 /* Int Extension.swift in Sources */,
				88FDE947285AB352001F5307 /* KeyboardDismissExtension.swift in Sources */,
				88FDE92B285A23AB001F5307 /* EventTableViewCell.swift in Sources */,
				8847BCFF285FEAA9006D88BC /* Event+CoreDataClass.swift in Sources */,
				88FDE927285A2147001F5307 /* EventViewControllerDelegate+DataSource.swift in Sources */,
				88FDE943285AA235001F5307 /* AddImagesAndTextTableViewController.swift in Sources */,
				8847BCB9285CBA99006D88BC /* CountDown-App.xcdatamodeld in Sources */,
				88FDE915285A1B89001F5307 /* EventViewController.swift in Sources */,
				88FDE911285A1B89001F5307 /* AppDelegate.swift in Sources */,
				88FDE931285A3799001F5307 /* CardView.swift in Sources */,
				88FDE939285A5A34001F5307 /* Double Formatter.swift in Sources */,
				88FDE945285AA873001F5307 /* PhotoCollectionViewCell.swift in Sources */,
				8847BCFC285FAF18006D88BC /* ArchivesViewController.swift in Sources */,
				88FDE934285A37CF001F5307 /* UIViewExtensions.swift in Sources */,
				8847BCF8285EA8C5006D88BC /* CoreDataManager.swift in Sources */,
				88FDE93E285A71B9001F5307 /* AddCountdownViewController.swift in Sources */,
				88FDE913285A1B89001F5307 /* SceneDelegate.swift in Sources */,
			);
			runOnlyForDeploymentPostprocessing = 0;
		};
/* End PBXSourcesBuildPhase section */

/* Begin PBXVariantGroup section */
		88FDE916285A1B89001F5307 /* Main.storyboard */ = {
			isa = PBXVariantGroup;
			children = (
				88FDE917285A1B89001F5307 /* Base */,
			);
			name = Main.storyboard;
			sourceTree = "<group>";
		};
		88FDE91B285A1B8B001F5307 /* LaunchScreen.storyboard */ = {
			isa = PBXVariantGroup;
			children = (
				88FDE91C285A1B8B001F5307 /* Base */,
			);
			name = LaunchScreen.storyboard;
			sourceTree = "<group>";
		};
/* End PBXVariantGroup section */

/* Begin XCBuildConfiguration section */
		88FDE91F285A1B8B001F5307 /* Debug */ = {
			isa = XCBuildConfiguration;
			buildSettings = {
				ALWAYS_SEARCH_USER_PATHS = NO;
				CLANG_ANALYZER_NONNULL = YES;
				CLANG_ANALYZER_NUMBER_OBJECT_CONVERSION = YES_AGGRESSIVE;
				CLANG_CXX_LANGUAGE_STANDARD = "gnu++17";
				CLANG_ENABLE_MODULES = YES;
				CLANG_ENABLE_OBJC_ARC = YES;
				CLANG_ENABLE_OBJC_WEAK = YES;
				CLANG_WARN_BLOCK_CAPTURE_AUTORELEASING = YES;
				CLANG_WARN_BOOL_CONVERSION = YES;
				CLANG_WARN_COMMA = YES;
				CLANG_WARN_CONSTANT_CONVERSION = YES;
				CLANG_WARN_DEPRECATED_OBJC_IMPLEMENTATIONS = YES;
				CLANG_WARN_DIRECT_OBJC_ISA_USAGE = YES_ERROR;
				CLANG_WARN_DOCUMENTATION_COMMENTS = YES;
				CLANG_WARN_EMPTY_BODY = YES;
				CLANG_WARN_ENUM_CONVERSION = YES;
				CLANG_WARN_INFINITE_RECURSION = YES;
				CLANG_WARN_INT_CONVERSION = YES;
				CLANG_WARN_NON_LITERAL_NULL_CONVERSION = YES;
				CLANG_WARN_OBJC_IMPLICIT_RETAIN_SELF = YES;
				CLANG_WARN_OBJC_LITERAL_CONVERSION = YES;
				CLANG_WARN_OBJC_ROOT_CLASS = YES_ERROR;
				CLANG_WARN_QUOTED_INCLUDE_IN_FRAMEWORK_HEADER = YES;
				CLANG_WARN_RANGE_LOOP_ANALYSIS = YES;
				CLANG_WARN_STRICT_PROTOTYPES = YES;
				CLANG_WARN_SUSPICIOUS_MOVE = YES;
				CLANG_WARN_UNGUARDED_AVAILABILITY = YES_AGGRESSIVE;
				CLANG_WARN_UNREACHABLE_CODE = YES;
				CLANG_WARN__DUPLICATE_METHOD_MATCH = YES;
				COPY_PHASE_STRIP = NO;
				DEBUG_INFORMATION_FORMAT = dwarf;
				ENABLE_STRICT_OBJC_MSGSEND = YES;
				ENABLE_TESTABILITY = YES;
				GCC_C_LANGUAGE_STANDARD = gnu11;
				GCC_DYNAMIC_NO_PIC = NO;
				GCC_NO_COMMON_BLOCKS = YES;
				GCC_OPTIMIZATION_LEVEL = 0;
				GCC_PREPROCESSOR_DEFINITIONS = (
					"DEBUG=1",
					"$(inherited)",
				);
				GCC_WARN_64_TO_32_BIT_CONVERSION = YES;
				GCC_WARN_ABOUT_RETURN_TYPE = YES_ERROR;
				GCC_WARN_UNDECLARED_SELECTOR = YES;
				GCC_WARN_UNINITIALIZED_AUTOS = YES_AGGRESSIVE;
				GCC_WARN_UNUSED_FUNCTION = YES;
				GCC_WARN_UNUSED_VARIABLE = YES;
				IPHONEOS_DEPLOYMENT_TARGET = 15.5;
				MTL_ENABLE_DEBUG_INFO = INCLUDE_SOURCE;
				MTL_FAST_MATH = YES;
				ONLY_ACTIVE_ARCH = YES;
				SDKROOT = iphoneos;
				SWIFT_ACTIVE_COMPILATION_CONDITIONS = DEBUG;
				SWIFT_OPTIMIZATION_LEVEL = "-Onone";
			};
			name = Debug;
		};
		88FDE920285A1B8B001F5307 /* Release */ = {
			isa = XCBuildConfiguration;
			buildSettings = {
				ALWAYS_SEARCH_USER_PATHS = NO;
				CLANG_ANALYZER_NONNULL = YES;
				CLANG_ANALYZER_NUMBER_OBJECT_CONVERSION = YES_AGGRESSIVE;
				CLANG_CXX_LANGUAGE_STANDARD = "gnu++17";
				CLANG_ENABLE_MODULES = YES;
				CLANG_ENABLE_OBJC_ARC = YES;
				CLANG_ENABLE_OBJC_WEAK = YES;
				CLANG_WARN_BLOCK_CAPTURE_AUTORELEASING = YES;
				CLANG_WARN_BOOL_CONVERSION = YES;
				CLANG_WARN_COMMA = YES;
				CLANG_WARN_CONSTANT_CONVERSION = YES;
				CLANG_WARN_DEPRECATED_OBJC_IMPLEMENTATIONS = YES;
				CLANG_WARN_DIRECT_OBJC_ISA_USAGE = YES_ERROR;
				CLANG_WARN_DOCUMENTATION_COMMENTS = YES;
				CLANG_WARN_EMPTY_BODY = YES;
				CLANG_WARN_ENUM_CONVERSION = YES;
				CLANG_WARN_INFINITE_RECURSION = YES;
				CLANG_WARN_INT_CONVERSION = YES;
				CLANG_WARN_NON_LITERAL_NULL_CONVERSION = YES;
				CLANG_WARN_OBJC_IMPLICIT_RETAIN_SELF = YES;
				CLANG_WARN_OBJC_LITERAL_CONVERSION = YES;
				CLANG_WARN_OBJC_ROOT_CLASS = YES_ERROR;
				CLANG_WARN_QUOTED_INCLUDE_IN_FRAMEWORK_HEADER = YES;
				CLANG_WARN_RANGE_LOOP_ANALYSIS = YES;
				CLANG_WARN_STRICT_PROTOTYPES = YES;
				CLANG_WARN_SUSPICIOUS_MOVE = YES;
				CLANG_WARN_UNGUARDED_AVAILABILITY = YES_AGGRESSIVE;
				CLANG_WARN_UNREACHABLE_CODE = YES;
				CLANG_WARN__DUPLICATE_METHOD_MATCH = YES;
				COPY_PHASE_STRIP = NO;
				DEBUG_INFORMATION_FORMAT = "dwarf-with-dsym";
				ENABLE_NS_ASSERTIONS = NO;
				ENABLE_STRICT_OBJC_MSGSEND = YES;
				GCC_C_LANGUAGE_STANDARD = gnu11;
				GCC_NO_COMMON_BLOCKS = YES;
				GCC_WARN_64_TO_32_BIT_CONVERSION = YES;
				GCC_WARN_ABOUT_RETURN_TYPE = YES_ERROR;
				GCC_WARN_UNDECLARED_SELECTOR = YES;
				GCC_WARN_UNINITIALIZED_AUTOS = YES_AGGRESSIVE;
				GCC_WARN_UNUSED_FUNCTION = YES;
				GCC_WARN_UNUSED_VARIABLE = YES;
				IPHONEOS_DEPLOYMENT_TARGET = 15.5;
				MTL_ENABLE_DEBUG_INFO = NO;
				MTL_FAST_MATH = YES;
				SDKROOT = iphoneos;
				SWIFT_COMPILATION_MODE = wholemodule;
				SWIFT_OPTIMIZATION_LEVEL = "-O";
				VALIDATE_PRODUCT = YES;
			};
			name = Release;
		};
		88FDE922285A1B8B001F5307 /* Debug */ = {
			isa = XCBuildConfiguration;
			buildSettings = {
				ASSETCATALOG_COMPILER_APPICON_NAME = AppIcon;
				ASSETCATALOG_COMPILER_GLOBAL_ACCENT_COLOR_NAME = AccentColor;
				CODE_SIGN_STYLE = Automatic;
				CURRENT_PROJECT_VERSION = 1;
				DEVELOPMENT_TEAM = 2VL68VCH8T;
				GENERATE_INFOPLIST_FILE = YES;
				INFOPLIST_FILE = "CountDown-App/Info.plist";
				INFOPLIST_KEY_UIApplicationSupportsIndirectInputEvents = YES;
				INFOPLIST_KEY_UILaunchStoryboardName = LaunchScreen;
				INFOPLIST_KEY_UIMainStoryboardFile = Main;
				INFOPLIST_KEY_UISupportedInterfaceOrientations_iPad = "UIInterfaceOrientationPortrait UIInterfaceOrientationPortraitUpsideDown UIInterfaceOrientationLandscapeLeft UIInterfaceOrientationLandscapeRight";
				INFOPLIST_KEY_UISupportedInterfaceOrientations_iPhone = "UIInterfaceOrientationPortrait UIInterfaceOrientationLandscapeLeft UIInterfaceOrientationLandscapeRight";
				LD_RUNPATH_SEARCH_PATHS = (
					"$(inherited)",
					"@executable_path/Frameworks",
				);
				MARKETING_VERSION = 1.0;
				PRODUCT_BUNDLE_IDENTIFIER = "com.aminbagheri.CountDown-App";
				PRODUCT_NAME = "$(TARGET_NAME)";
				SWIFT_EMIT_LOC_STRINGS = YES;
				SWIFT_VERSION = 5.0;
				TARGETED_DEVICE_FAMILY = "1,2";
			};
			name = Debug;
		};
		88FDE923285A1B8B001F5307 /* Release */ = {
			isa = XCBuildConfiguration;
			buildSettings = {
				ASSETCATALOG_COMPILER_APPICON_NAME = AppIcon;
				ASSETCATALOG_COMPILER_GLOBAL_ACCENT_COLOR_NAME = AccentColor;
				CODE_SIGN_STYLE = Automatic;
				CURRENT_PROJECT_VERSION = 1;
				DEVELOPMENT_TEAM = 2VL68VCH8T;
				GENERATE_INFOPLIST_FILE = YES;
				INFOPLIST_FILE = "CountDown-App/Info.plist";
				INFOPLIST_KEY_UIApplicationSupportsIndirectInputEvents = YES;
				INFOPLIST_KEY_UILaunchStoryboardName = LaunchScreen;
				INFOPLIST_KEY_UIMainStoryboardFile = Main;
				INFOPLIST_KEY_UISupportedInterfaceOrientations_iPad = "UIInterfaceOrientationPortrait UIInterfaceOrientationPortraitUpsideDown UIInterfaceOrientationLandscapeLeft UIInterfaceOrientationLandscapeRight";
				INFOPLIST_KEY_UISupportedInterfaceOrientations_iPhone = "UIInterfaceOrientationPortrait UIInterfaceOrientationLandscapeLeft UIInterfaceOrientationLandscapeRight";
				LD_RUNPATH_SEARCH_PATHS = (
					"$(inherited)",
					"@executable_path/Frameworks",
				);
				MARKETING_VERSION = 1.0;
				PRODUCT_BUNDLE_IDENTIFIER = "com.aminbagheri.CountDown-App";
				PRODUCT_NAME = "$(TARGET_NAME)";
				SWIFT_EMIT_LOC_STRINGS = YES;
				SWIFT_VERSION = 5.0;
				TARGETED_DEVICE_FAMILY = "1,2";
			};
			name = Release;
		};
/* End XCBuildConfiguration section */

/* Begin XCConfigurationList section */
		88FDE908285A1B89001F5307 /* Build configuration list for PBXProject "CountDown-App" */ = {
			isa = XCConfigurationList;
			buildConfigurations = (
				88FDE91F285A1B8B001F5307 /* Debug */,
				88FDE920285A1B8B001F5307 /* Release */,
			);
			defaultConfigurationIsVisible = 0;
			defaultConfigurationName = Release;
		};
		88FDE921285A1B8B001F5307 /* Build configuration list for PBXNativeTarget "CountDown-App" */ = {
			isa = XCConfigurationList;
			buildConfigurations = (
				88FDE922285A1B8B001F5307 /* Debug */,
				88FDE923285A1B8B001F5307 /* Release */,
			);
			defaultConfigurationIsVisible = 0;
			defaultConfigurationName = Release;
		};
/* End XCConfigurationList section */

/* Begin XCVersionGroup section */
		8847BCB7285CBA99006D88BC /* CountDown-App.xcdatamodeld */ = {
			isa = XCVersionGroup;
			children = (
				8847BCB8285CBA99006D88BC /* Model.xcdatamodel */,
			);
			currentVersion = 8847BCB8285CBA99006D88BC /* Model.xcdatamodel */;
			name = "CountDown-App.xcdatamodeld";
			path = "App+Scene Delegate/CountDown-App.xcdatamodeld";
			sourceTree = "<group>";
			versionGroupType = wrapper.xcdatamodel;
		};
/* End XCVersionGroup section */
	};
	rootObject = 88FDE905285A1B89001F5307 /* Project object */;
}
